
Microsoft Visual Studio Solution File, Format Version 12.00
# Visual Studio Version 17
VisualStudioVersion = 17.5.002.0
MinimumVisualStudioVersion = 10.0.40219.1
Project("{9A19103F-16F7-4668-BE54-9A1E7A4F7556}") = "Trie_-", "Trie_-.csproj", "{05036B8E-1026-4677-AE62-1CBF87A9BB4F}"
EndProject
Global
	GlobalSection(SolutionConfigurationPlatforms) = preSolution
		Debug|Any CPU = Debug|Any CPU
		Release|Any CPU = Release|Any CPU
	EndGlobalSection
	GlobalSection(ProjectConfigurationPlatforms) = postSolution
		{05036B8E-1026-4677-AE62-1CBF87A9BB4F}.Debug|Any CPU.ActiveCfg = Debug|Any CPU
		{05036B8E-1026-4677-AE62-1CBF87A9BB4F}.Debug|Any CPU.Build.0 = Debug|Any CPU
		{05036B8E-1026-4677-AE62-1CBF87A9BB4F}.Release|Any CPU.ActiveCfg = Release|Any CPU
		{05036B8E-1026-4677-AE62-1CBF87A9BB4F}.Release|Any CPU.Build.0 = Release|Any CPU
	EndGlobalSection
	GlobalSection(SolutionProperties) = preSolution
		HideSolutionNode = FALSE
	EndGlobalSection
	GlobalSection(ExtensibilityGlobals) = postSolution
		SolutionGuid = {A39C170D-ACA0-43E5-8781-609889F0BC55}
	EndGlobalSection
EndGlobal
